
Microsoft Visual Studio Solution File, Format Version 12.00
# Visual Studio Version 16
VisualStudioVersion = 16.0.32228.343
MinimumVisualStudioVersion = 10.0.40219.1
Project("{FAE04EC0-301F-11D3-BF4B-00C04F79EFBC}") = "AMPharmacyAPI", "AMPharmacyAPI\AMPharmacyAPI.csproj", "{197F2FF5-E8A5-4D73-A412-6895B6F49E99}"
EndProject
Global
	GlobalSection(SolutionConfigurationPlatforms) = preSolution
		Debug|Any CPU = Debug|Any CPU
		Release|Any CPU = Release|Any CPU
	EndGlobalSection
	GlobalSection(ProjectConfigurationPlatforms) = postSolution
		{197F2FF5-E8A5-4D73-A412-6895B6F49E99}.Debug|Any CPU.ActiveCfg = Debug|Any CPU
		{197F2FF5-E8A5-4D73-A412-6895B6F49E99}.Debug|Any CPU.Build.0 = Debug|Any CPU
		{197F2FF5-E8A5-4D73-A412-6895B6F49E99}.Release|Any CPU.ActiveCfg = Release|Any CPU
		{197F2FF5-E8A5-4D73-A412-6895B6F49E99}.Release|Any CPU.Build.0 = Release|Any CPU
	EndGlobalSection
	GlobalSection(SolutionProperties) = preSolution
		HideSolutionNode = FALSE
	EndGlobalSection
	GlobalSection(ExtensibilityGlobals) = postSolution
		SolutionGuid = {20F95EA9-A01D-4AAC-8C08-AF73B78F14EA}
	EndGlobalSection
EndGlobal
